# THIS IS AN AUTOGENERATED FILE. DO NOT EDIT THIS FILE DIRECTLY.
# yarn lockfile v1


"yarn_upgrade_test_dependency@https://github.com/chrisbucholz/yarn_upgrade_test_dependency":
  version "1.0.0"
  resolved "https://github.com/chrisbucholz/yarn_upgrade_test_dependency#8f352271f952da2070c70b8ada608733ac302d46"
